<?xml version="1.0" encoding="utf-8"?>
<Project ToolsVersion="4.0" xmlns="http://schemas.microsoft.com/developer/msbuild/2003">
  <ItemGroup>
    <Filter Include="Header Files">
      <UniqueIdentifier>{93995380-89BD-4b04-88EB-625FBE52EBFB}</UniqueIdentifier>
      <Extensions>h;hh;hpp;hxx;h++;hm;inl;inc;ipp;xsd</Extensions>
    </Filter>
    <Filter Include="Resource Files">
      <UniqueIdentifier>{67DA6AB6-F800-4c08-8B7A-83BB121AAD01}</UniqueIdentifier>
      <Extensions>rc;ico;cur;bmp;dlg;rc2;rct;bin;rgs;gif;jpg;jpeg;jpe;resx;tiff;tif;png;wav;mfcribbon-ms</Extensions>
    </Filter>
    <Filter Include="Source Files">
      <UniqueIdentifier>{4FC737F1-C7A5-4376-A066-2A32D752A2FF}</UniqueIdentifier>
      <Extensions>cpp;c;cc;cxx;c++;cppm;ixx;def;odl;idl;hpj;bat;asm;asmx</Extensions>
    </Filter>
    <Filter Include="Source Files\Fixes">
      <UniqueIdentifier>{b71569cd-47d7-445c-9172-d6e44d61cc9c}</UniqueIdentifier>
    </Filter>
    <Filter Include="Header Files\Fixes">
      <UniqueIdentifier>{379776a8-baf2-43bf-8229-ba19e87e8d8e}</UniqueIdentifier>
    </Filter>
    <Filter Include="Header Files\Structs">
      <UniqueIdentifier>{8f994186-c224-4fd8-b56e-f7ba6db51f01}</UniqueIdentifier>
    </Filter>
    <Filter Include="Source Files\Structs">
      <UniqueIdentifier>{55a4fec1-2789-493f-b15d-8b36ba89aa8c}</UniqueIdentifier>
    </Filter>
    <Filter Include="Header Files\Enums">
      <UniqueIdentifier>{1c223341-2581-4daf-b1de-070486c3b767}</UniqueIdentifier>
    </Filter>
  </ItemGroup>
  <ItemGroup>
    <ClCompile Include="dllmain.cpp">
      <Filter>Source Files</Filter>
    </ClCompile>
    <ClCompile Include="src\SaveFolderFix.cpp">
      <Filter>Source Files\Fixes</Filter>
    </ClCompile>
    <ClCompile Include="src\Structs\CGhostbuster.cpp">
      <Filter>Source Files\Structs</Filter>
    </ClCompile>
    <ClCompile Include="src\Offsets.cpp">
      <Filter>Source Files</Filter>
    </ClCompile>
    <ClCompile Include="src\main.cpp">
      <Filter>Source Files</Filter>
    </ClCompile>
    <ClCompile Include="src\Structs\CActorBase.cpp">
      <Filter>Source Files\Structs</Filter>
    </ClCompile>
    <ClCompile Include="src\Structs\CActor.cpp">
      <Filter>Source Files\Structs</Filter>
    </ClCompile>
    <ClCompile Include="src\Structs\DanteVirtualMachine.cpp">
      <Filter>Source Files\Structs</Filter>
    </ClCompile>
    <ClCompile Include="src\Structs\CGame.cpp">
      <Filter>Source Files\Structs</Filter>
    </ClCompile>
  </ItemGroup>
  <ItemGroup>
    <ClInclude Include="src\SaveFolderFix.h">
      <Filter>Header Files\Fixes</Filter>
    </ClInclude>
    <ClInclude Include="src\Offsets.h">
      <Filter>Header Files</Filter>
    </ClInclude>
    <ClInclude Include="src\Structs\CGhostbuster.h">
      <Filter>Header Files\Structs</Filter>
    </ClInclude>
    <ClInclude Include="src\Structs\Types.h">
      <Filter>Header Files\Structs</Filter>
    </ClInclude>
    <ClInclude Include="src\main.h">
      <Filter>Header Files</Filter>
    </ClInclude>
    <ClInclude Include="src\Enums\EHud.h">
      <Filter>Header Files\Enums</Filter>
    </ClInclude>
    <ClInclude Include="src\Structs\CActorBase.h">
      <Filter>Header Files\Structs</Filter>
    </ClInclude>
    <ClInclude Include="src\Structs\CActor.h">
      <Filter>Header Files\Structs</Filter>
    </ClInclude>
    <ClInclude Include="src\Structs\DanteVirtualMachine.h">
      <Filter>Header Files\Structs</Filter>
    </ClInclude>
    <ClInclude Include="src\Structs\CGame.h">
      <Filter>Header Files\Structs</Filter>
    </ClInclude>
  </ItemGroup>
</Project>